
Microsoft Visual Studio Solution File, Format Version 12.00
# Visual Studio 15
VisualStudioVersion = 15.0.27130.2027
MinimumVisualStudioVersion = 10.0.40219.1
Project("{FAE04EC0-301F-11D3-BF4B-00C04F79EFBC}") = "Tasks.Interfaces", "Tasks.Interfaces\Tasks.Interfaces.csproj", "{6B6E16F9-D910-4B2B-BB1E-05CF06602C87}"
EndProject
Project("{FAE04EC0-301F-11D3-BF4B-00C04F79EFBC}") = "Tasks", "Tasks\Tasks.csproj", "{611DC540-7FA9-40FA-BBD0-B04711577C24}"
EndProject
Project("{FAE04EC0-301F-11D3-BF4B-00C04F79EFBC}") = "Tasks.Base", "Tasks.Base\Tasks.Base.csproj", "{E355F7D2-54DC-44FA-AA60-DBDF0F80AE78}"
EndProject
Project("{FAE04EC0-301F-11D3-BF4B-00C04F79EFBC}") = "Tasks.Host", "Tasks.Host\Tasks.Host.csproj", "{F74955A5-17B1-4B6C-BE2E-60F0FD414B5E}"
EndProject
Global
	GlobalSection(SolutionConfigurationPlatforms) = preSolution
		Debug|Any CPU = Debug|Any CPU
		Release|Any CPU = Release|Any CPU
	EndGlobalSection
	GlobalSection(ProjectConfigurationPlatforms) = postSolution
		{6B6E16F9-D910-4B2B-BB1E-05CF06602C87}.Debug|Any CPU.ActiveCfg = Debug|Any CPU
		{6B6E16F9-D910-4B2B-BB1E-05CF06602C87}.Debug|Any CPU.Build.0 = Debug|Any CPU
		{6B6E16F9-D910-4B2B-BB1E-05CF06602C87}.Release|Any CPU.ActiveCfg = Release|Any CPU
		{6B6E16F9-D910-4B2B-BB1E-05CF06602C87}.Release|Any CPU.Build.0 = Release|Any CPU
		{611DC540-7FA9-40FA-BBD0-B04711577C24}.Debug|Any CPU.ActiveCfg = Debug|Any CPU
		{611DC540-7FA9-40FA-BBD0-B04711577C24}.Debug|Any CPU.Build.0 = Debug|Any CPU
		{611DC540-7FA9-40FA-BBD0-B04711577C24}.Release|Any CPU.ActiveCfg = Release|Any CPU
		{611DC540-7FA9-40FA-BBD0-B04711577C24}.Release|Any CPU.Build.0 = Release|Any CPU
		{E355F7D2-54DC-44FA-AA60-DBDF0F80AE78}.Debug|Any CPU.ActiveCfg = Debug|Any CPU
		{E355F7D2-54DC-44FA-AA60-DBDF0F80AE78}.Debug|Any CPU.Build.0 = Debug|Any CPU
		{E355F7D2-54DC-44FA-AA60-DBDF0F80AE78}.Release|Any CPU.ActiveCfg = Release|Any CPU
		{E355F7D2-54DC-44FA-AA60-DBDF0F80AE78}.Release|Any CPU.Build.0 = Release|Any CPU
		{F74955A5-17B1-4B6C-BE2E-60F0FD414B5E}.Debug|Any CPU.ActiveCfg = Debug|Any CPU
		{F74955A5-17B1-4B6C-BE2E-60F0FD414B5E}.Debug|Any CPU.Build.0 = Debug|Any CPU
		{F74955A5-17B1-4B6C-BE2E-60F0FD414B5E}.Release|Any CPU.ActiveCfg = Release|Any CPU
		{F74955A5-17B1-4B6C-BE2E-60F0FD414B5E}.Release|Any CPU.Build.0 = Release|Any CPU
	EndGlobalSection
	GlobalSection(SolutionProperties) = preSolution
		HideSolutionNode = FALSE
	EndGlobalSection
	GlobalSection(ExtensibilityGlobals) = postSolution
		SolutionGuid = {094C6A8D-3CA5-4417-9FBE-C12E278BB97A}
	EndGlobalSection
EndGlobal
